
Microsoft Visual Studio Solution File, Format Version 12.00
# Visual Studio 14
VisualStudioVersion = 14.0.25123.0
MinimumVisualStudioVersion = 10.0.40219.1
Project("{2150E333-8FDC-42A3-9474-1A3956D46DE8}") = "Web", "Web", "{44FB925B-C5FE-4760-A8E7-60539858006C}"
EndProject
Project("{2150E333-8FDC-42A3-9474-1A3956D46DE8}") = "Data", "Data", "{45F01978-9642-458C-8FC6-2A95DF6DC380}"
EndProject
Project("{FAE04EC0-301F-11D3-BF4B-00C04F79EFBC}") = "ManagementSystem.Web", "Web\MVCTemplate.Web\ManagementSystem.Web.csproj", "{6EA24CFA-5ACF-49BA-8DB9-D83867C0FCF3}"
EndProject
Project("{FAE04EC0-301F-11D3-BF4B-00C04F79EFBC}") = "ManagementSystem.Data.Models", "Data\MVCTemplate.Data.Models\ManagementSystem.Data.Models.csproj", "{5ECCB6F3-D4AD-43B0-88D1-958A333A95D5}"
EndProject
Project("{FAE04EC0-301F-11D3-BF4B-00C04F79EFBC}") = "ManagementSystem.Data.Common", "Data\MVCTemplate.Data.Common\ManagementSystem.Data.Common.csproj", "{EDE5D415-D916-434A-9960-B878B8664D4F}"
EndProject
Project("{FAE04EC0-301F-11D3-BF4B-00C04F79EFBC}") = "ManagementSystem.Data", "Data\MVCTemplate.Data\ManagementSystem.Data.csproj", "{D9FBE963-32B3-4495-9CF1-C9EA79E7331E}"
EndProject
Project("{FAE04EC0-301F-11D3-BF4B-00C04F79EFBC}") = "ManagementSystem.Web.Infrastructure", "Web\MVCTemplate.Web.Infrastructure\ManagementSystem.Web.Infrastructure.csproj", "{D5463911-FD87-483C-B863-B07A3CF7CE24}"
EndProject
Global
	GlobalSection(SolutionConfigurationPlatforms) = preSolution
		Debug|Any CPU = Debug|Any CPU
		Release|Any CPU = Release|Any CPU
	EndGlobalSection
	GlobalSection(ProjectConfigurationPlatforms) = postSolution
		{6EA24CFA-5ACF-49BA-8DB9-D83867C0FCF3}.Debug|Any CPU.ActiveCfg = Debug|Any CPU
		{6EA24CFA-5ACF-49BA-8DB9-D83867C0FCF3}.Debug|Any CPU.Build.0 = Debug|Any CPU
		{6EA24CFA-5ACF-49BA-8DB9-D83867C0FCF3}.Release|Any CPU.ActiveCfg = Release|Any CPU
		{6EA24CFA-5ACF-49BA-8DB9-D83867C0FCF3}.Release|Any CPU.Build.0 = Release|Any CPU
		{5ECCB6F3-D4AD-43B0-88D1-958A333A95D5}.Debug|Any CPU.ActiveCfg = Debug|Any CPU
		{5ECCB6F3-D4AD-43B0-88D1-958A333A95D5}.Debug|Any CPU.Build.0 = Debug|Any CPU
		{5ECCB6F3-D4AD-43B0-88D1-958A333A95D5}.Release|Any CPU.ActiveCfg = Release|Any CPU
		{5ECCB6F3-D4AD-43B0-88D1-958A333A95D5}.Release|Any CPU.Build.0 = Release|Any CPU
		{EDE5D415-D916-434A-9960-B878B8664D4F}.Debug|Any CPU.ActiveCfg = Debug|Any CPU
		{EDE5D415-D916-434A-9960-B878B8664D4F}.Debug|Any CPU.Build.0 = Debug|Any CPU
		{EDE5D415-D916-434A-9960-B878B8664D4F}.Release|Any CPU.ActiveCfg = Release|Any CPU
		{EDE5D415-D916-434A-9960-B878B8664D4F}.Release|Any CPU.Build.0 = Release|Any CPU
		{D9FBE963-32B3-4495-9CF1-C9EA79E7331E}.Debug|Any CPU.ActiveCfg = Debug|Any CPU
		{D9FBE963-32B3-4495-9CF1-C9EA79E7331E}.Debug|Any CPU.Build.0 = Debug|Any CPU
		{D9FBE963-32B3-4495-9CF1-C9EA79E7331E}.Release|Any CPU.ActiveCfg = Release|Any CPU
		{D9FBE963-32B3-4495-9CF1-C9EA79E7331E}.Release|Any CPU.Build.0 = Release|Any CPU
		{D5463911-FD87-483C-B863-B07A3CF7CE24}.Debug|Any CPU.ActiveCfg = Debug|Any CPU
		{D5463911-FD87-483C-B863-B07A3CF7CE24}.Debug|Any CPU.Build.0 = Debug|Any CPU
		{D5463911-FD87-483C-B863-B07A3CF7CE24}.Release|Any CPU.ActiveCfg = Release|Any CPU
		{D5463911-FD87-483C-B863-B07A3CF7CE24}.Release|Any CPU.Build.0 = Release|Any CPU
	EndGlobalSection
	GlobalSection(SolutionProperties) = preSolution
		HideSolutionNode = FALSE
	EndGlobalSection
	GlobalSection(NestedProjects) = preSolution
		{6EA24CFA-5ACF-49BA-8DB9-D83867C0FCF3} = {44FB925B-C5FE-4760-A8E7-60539858006C}
		{5ECCB6F3-D4AD-43B0-88D1-958A333A95D5} = {45F01978-9642-458C-8FC6-2A95DF6DC380}
		{EDE5D415-D916-434A-9960-B878B8664D4F} = {45F01978-9642-458C-8FC6-2A95DF6DC380}
		{D9FBE963-32B3-4495-9CF1-C9EA79E7331E} = {45F01978-9642-458C-8FC6-2A95DF6DC380}
		{D5463911-FD87-483C-B863-B07A3CF7CE24} = {44FB925B-C5FE-4760-A8E7-60539858006C}
	EndGlobalSection
EndGlobal
